
Microsoft Visual Studio Solution File, Format Version 12.00
# Visual Studio Version 17
VisualStudioVersion = 17.0.31919.166
MinimumVisualStudioVersion = 10.0.40219.1
Project("{FAE04EC0-301F-11D3-BF4B-00C04F79EFBC}") = "3.6WrapPanel", "3.6WrapPanel.csproj", "{1762BF87-0BC1-446E-A771-306FC3DF950D}"
EndProject
Global
	GlobalSection(SolutionConfigurationPlatforms) = preSolution
		Debug|Any CPU = Debug|Any CPU
		Release|Any CPU = Release|Any CPU
	EndGlobalSection
	GlobalSection(ProjectConfigurationPlatforms) = postSolution
		{1762BF87-0BC1-446E-A771-306FC3DF950D}.Debug|Any CPU.ActiveCfg = Debug|Any CPU
		{1762BF87-0BC1-446E-A771-306FC3DF950D}.Debug|Any CPU.Build.0 = Debug|Any CPU
		{1762BF87-0BC1-446E-A771-306FC3DF950D}.Release|Any CPU.ActiveCfg = Release|Any CPU
		{1762BF87-0BC1-446E-A771-306FC3DF950D}.Release|Any CPU.Build.0 = Release|Any CPU
	EndGlobalSection
	GlobalSection(SolutionProperties) = preSolution
		HideSolutionNode = FALSE
	EndGlobalSection
	GlobalSection(ExtensibilityGlobals) = postSolution
		SolutionGuid = {03A265F8-D51C-4ED1-AA8B-21A358FE1EE2}
	EndGlobalSection
EndGlobal
